// !$*UTF8*$!
{
	archiveVersion = 1;
	classes = {
	};
	objectVersion = 50;
	objects = {

/* Begin PBXBuildFile section */
		52A95EFF2395604700ADC96B /* Business Cards List.xcdatamodeld in Sources */ = {isa = PBXBuildFile; fileRef = 52A95EFD2395604700ADC96B /* Business Cards List.xcdatamodeld */; };
		52A95F01239560FC00ADC96B /* CoreDataStack.swift in Sources */ = {isa = PBXBuildFile; fileRef = 52A95F00239560FC00ADC96B /* CoreDataStack.swift */; };
		52FE6ABB239E35D800C58F9F /* AddViewController.swift in Sources */ = {isa = PBXBuildFile; fileRef = 52FE6AB7239E35D800C58F9F /* AddViewController.swift */; };
		52FE6ABC239E35D800C58F9F /* ViewController.swift in Sources */ = {isa = PBXBuildFile; fileRef = 52FE6AB8239E35D800C58F9F /* ViewController.swift */; };
		52FE6ABE239E35D800C58F9F /* CardViewController.swift in Sources */ = {isa = PBXBuildFile; fileRef = 52FE6ABA239E35D800C58F9F /* CardViewController.swift */; };
		52FE6AC1239E35E800C58F9F /* API.swift in Sources */ = {isa = PBXBuildFile; fileRef = 52FE6ABF239E35E800C58F9F /* API.swift */; };
		52FE6AC2239E35E800C58F9F /* Card.swift in Sources */ = {isa = PBXBuildFile; fileRef = 52FE6AC0239E35E800C58F9F /* Card.swift */; };
		52FE6AC5239E369900C58F9F /* Visitka+CoreDataClass.swift in Sources */ = {isa = PBXBuildFile; fileRef = 52FE6AC3239E369900C58F9F /* Visitka+CoreDataClass.swift */; };
		52FE6AC6239E369900C58F9F /* Visitka+CoreDataProperties.swift in Sources */ = {isa = PBXBuildFile; fileRef = 52FE6AC4239E369900C58F9F /* Visitka+CoreDataProperties.swift */; };
		90E90A7E239280A8009E1DAF /* AppDelegate.swift in Sources */ = {isa = PBXBuildFile; fileRef = 90E90A7D239280A8009E1DAF /* AppDelegate.swift */; };
		90E90A83239280A8009E1DAF /* Main.storyboard in Resources */ = {isa = PBXBuildFile; fileRef = 90E90A81239280A8009E1DAF /* Main.storyboard */; };
		90E90A85239280AA009E1DAF /* Assets.xcassets in Resources */ = {isa = PBXBuildFile; fileRef = 90E90A84239280AA009E1DAF /* Assets.xcassets */; };
		90E90A88239280AA009E1DAF /* LaunchScreen.storyboard in Resources */ = {isa = PBXBuildFile; fileRef = 90E90A86239280AA009E1DAF /* LaunchScreen.storyboard */; };
/* End PBXBuildFile section */

/* Begin PBXFileReference section */
		52A95EFE2395604700ADC96B /* Business Cards List.xcdatamodel */ = {isa = PBXFileReference; lastKnownFileType = wrapper.xcdatamodel; path = "Business Cards List.xcdatamodel"; sourceTree = "<group>"; };
		52A95F00239560FC00ADC96B /* CoreDataStack.swift */ = {isa = PBXFileReference; lastKnownFileType = sourcecode.swift; path = CoreDataStack.swift; sourceTree = "<group>"; };
		52FE6AB7239E35D800C58F9F /* AddViewController.swift */ = {isa = PBXFileReference; fileEncoding = 4; lastKnownFileType = sourcecode.swift; path = AddViewController.swift; sourceTree = "<group>"; };
		52FE6AB8239E35D800C58F9F /* ViewController.swift */ = {isa = PBXFileReference; fileEncoding = 4; lastKnownFileType = sourcecode.swift; path = ViewController.swift; sourceTree = "<group>"; };
		52FE6ABA239E35D800C58F9F /* CardViewController.swift */ = {isa = PBXFileReference; fileEncoding = 4; lastKnownFileType = sourcecode.swift; path = CardViewController.swift; sourceTree = "<group>"; };
		52FE6ABF239E35E800C58F9F /* API.swift */ = {isa = PBXFileReference; fileEncoding = 4; lastKnownFileType = sourcecode.swift; path = API.swift; sourceTree = "<group>"; };
		52FE6AC0239E35E800C58F9F /* Card.swift */ = {isa = PBXFileReference; fileEncoding = 4; lastKnownFileType = sourcecode.swift; path = Card.swift; sourceTree = "<group>"; };
		52FE6AC3239E369900C58F9F /* Visitka+CoreDataClass.swift */ = {isa = PBXFileReference; lastKnownFileType = sourcecode.swift; path = "Visitka+CoreDataClass.swift"; sourceTree = "<group>"; };
		52FE6AC4239E369900C58F9F /* Visitka+CoreDataProperties.swift */ = {isa = PBXFileReference; lastKnownFileType = sourcecode.swift; path = "Visitka+CoreDataProperties.swift"; sourceTree = "<group>"; };
		90E90A7A239280A8009E1DAF /* Business Cards List.app */ = {isa = PBXFileReference; explicitFileType = wrapper.application; includeInIndex = 0; path = "Business Cards List.app"; sourceTree = BUILT_PRODUCTS_DIR; };
		90E90A7D239280A8009E1DAF /* AppDelegate.swift */ = {isa = PBXFileReference; lastKnownFileType = sourcecode.swift; path = AppDelegate.swift; sourceTree = "<group>"; };
		90E90A82239280A8009E1DAF /* Base */ = {isa = PBXFileReference; lastKnownFileType = file.storyboard; name = Base; path = Base.lproj/Main.storyboard; sourceTree = "<group>"; };
		90E90A84239280AA009E1DAF /* Assets.xcassets */ = {isa = PBXFileReference; lastKnownFileType = folder.assetcatalog; path = Assets.xcassets; sourceTree = "<group>"; };
		90E90A87239280AA009E1DAF /* Base */ = {isa = PBXFileReference; lastKnownFileType = file.storyboard; name = Base; path = Base.lproj/LaunchScreen.storyboard; sourceTree = "<group>"; };
		90E90A89239280AA009E1DAF /* Info.plist */ = {isa = PBXFileReference; lastKnownFileType = text.plist.xml; path = Info.plist; sourceTree = "<group>"; };
/* End PBXFileReference section */

/* Begin PBXFrameworksBuildPhase section */
		90E90A77239280A7009E1DAF /* Frameworks */ = {
			isa = PBXFrameworksBuildPhase;
			buildActionMask = 2147483647;
			files = (
			);
			runOnlyForDeploymentPostprocessing = 0;
		};
/* End PBXFrameworksBuildPhase section */

/* Begin PBXGroup section */
		52A95F02239561FE00ADC96B /* CoreData */ = {
			isa = PBXGroup;
			children = (
				52FE6AC3239E369900C58F9F /* Visitka+CoreDataClass.swift */,
				52FE6AC4239E369900C58F9F /* Visitka+CoreDataProperties.swift */,
				52A95F00239560FC00ADC96B /* CoreDataStack.swift */,
			);
			path = CoreData;
			sourceTree = "<group>";
		};
		904982222392B49300FF4D3D /* Models */ = {
			isa = PBXGroup;
			children = (
				52FE6ABF239E35E800C58F9F /* API.swift */,
				52FE6AC0239E35E800C58F9F /* Card.swift */,
			);
			path = Models;
			sourceTree = "<group>";
		};
		90E90A71239280A7009E1DAF = {
			isa = PBXGroup;
			children = (
				90E90A7C239280A8009E1DAF /* Business Cards List */,
				90E90A7B239280A8009E1DAF /* Products */,
			);
			sourceTree = "<group>";
		};
		90E90A7B239280A8009E1DAF /* Products */ = {
			isa = PBXGroup;
			children = (
				90E90A7A239280A8009E1DAF /* Business Cards List.app */,
			);
			name = Products;
			sourceTree = "<group>";
		};
		90E90A7C239280A8009E1DAF /* Business Cards List */ = {
			isa = PBXGroup;
			children = (
				904982222392B49300FF4D3D /* Models */,
				90E90A8F239280E2009E1DAF /* ViewControllers */,
				90E90A7D239280A8009E1DAF /* AppDelegate.swift */,
				52A95F02239561FE00ADC96B /* CoreData */,
				90E90A81239280A8009E1DAF /* Main.storyboard */,
				90E90A84239280AA009E1DAF /* Assets.xcassets */,
				90E90A86239280AA009E1DAF /* LaunchScreen.storyboard */,
				52A95EFD2395604700ADC96B /* Business Cards List.xcdatamodeld */,
				90E90A89239280AA009E1DAF /* Info.plist */,
			);
			path = "Business Cards List";
			sourceTree = "<group>";
		};
		90E90A8F239280E2009E1DAF /* ViewControllers */ = {
			isa = PBXGroup;
			children = (
				52FE6AB7239E35D800C58F9F /* AddViewController.swift */,
				52FE6ABA239E35D800C58F9F /* CardViewController.swift */,
				52FE6AB8239E35D800C58F9F /* ViewController.swift */,
			);
			path = ViewControllers;
			sourceTree = "<group>";
		};
/* End PBXGroup section */

/* Begin PBXNativeTarget section */
		90E90A79239280A7009E1DAF /* Business Cards List */ = {
			isa = PBXNativeTarget;
			buildConfigurationList = 90E90A8C239280AA009E1DAF /* Build configuration list for PBXNativeTarget "Business Cards List" */;
			buildPhases = (
				90E90A76239280A7009E1DAF /* Sources */,
				90E90A77239280A7009E1DAF /* Frameworks */,
				90E90A78239280A7009E1DAF /* Resources */,
			);
			buildRules = (
			);
			dependencies = (
			);
			name = "Business Cards List";
			productName = "Business Cards List";
			productReference = 90E90A7A239280A8009E1DAF /* Business Cards List.app */;
			productType = "com.apple.product-type.application";
		};
/* End PBXNativeTarget section */

/* Begin PBXProject section */
		90E90A72239280A7009E1DAF /* Project object */ = {
			isa = PBXProject;
			attributes = {
				LastSwiftUpdateCheck = 1010;
				LastUpgradeCheck = 1010;
				ORGANIZATIONNAME = Ilya;
				TargetAttributes = {
					90E90A79239280A7009E1DAF = {
						CreatedOnToolsVersion = 10.1;
					};
				};
			};
			buildConfigurationList = 90E90A75239280A7009E1DAF /* Build configuration list for PBXProject "Business Cards List" */;
			compatibilityVersion = "Xcode 9.3";
			developmentRegion = en;
			hasScannedForEncodings = 0;
			knownRegions = (
				en,
				Base,
			);
			mainGroup = 90E90A71239280A7009E1DAF;
			productRefGroup = 90E90A7B239280A8009E1DAF /* Products */;
			projectDirPath = "";
			projectRoot = "";
			targets = (
				90E90A79239280A7009E1DAF /* Business Cards List */,
			);
		};
/* End PBXProject section */

/* Begin PBXResourcesBuildPhase section */
		90E90A78239280A7009E1DAF /* Resources */ = {
			isa = PBXResourcesBuildPhase;
			buildActionMask = 2147483647;
			files = (
				90E90A88239280AA009E1DAF /* LaunchScreen.storyboard in Resources */,
				90E90A85239280AA009E1DAF /* Assets.xcassets in Resources */,
				90E90A83239280A8009E1DAF /* Main.storyboard in Resources */,
			);
			runOnlyForDeploymentPostprocessing = 0;
		};
/* End PBXResourcesBuildPhase section */

/* Begin PBXSourcesBuildPhase section */
		90E90A76239280A7009E1DAF /* Sources */ = {
			isa = PBXSourcesBuildPhase;
			buildActionMask = 2147483647;
			files = (
				52FE6ABC239E35D800C58F9F /* ViewController.swift in Sources */,
				52FE6AC2239E35E800C58F9F /* Card.swift in Sources */,
				52FE6AC6239E369900C58F9F /* Visitka+CoreDataProperties.swift in Sources */,
				52FE6ABE239E35D800C58F9F /* CardViewController.swift in Sources */,
				52A95EFF2395604700ADC96B /* Business Cards List.xcdatamodeld in Sources */,
				52A95F01239560FC00ADC96B /* CoreDataStack.swift in Sources */,
				52FE6ABB239E35D800C58F9F /* AddViewController.swift in Sources */,
				52FE6AC1239E35E800C58F9F /* API.swift in Sources */,
				90E90A7E239280A8009E1DAF /* AppDelegate.swift in Sources */,
				52FE6AC5239E369900C58F9F /* Visitka+CoreDataClass.swift in Sources */,
			);
			runOnlyForDeploymentPostprocessing = 0;
		};
/* End PBXSourcesBuildPhase section */

/* Begin PBXVariantGroup section */
		90E90A81239280A8009E1DAF /* Main.storyboard */ = {
			isa = PBXVariantGroup;
			children = (
				90E90A82239280A8009E1DAF /* Base */,
			);
			name = Main.storyboard;
			sourceTree = "<group>";
		};
		90E90A86239280AA009E1DAF /* LaunchScreen.storyboard */ = {
			isa = PBXVariantGroup;
			children = (
				90E90A87239280AA009E1DAF /* Base */,
			);
			name = LaunchScreen.storyboard;
			sourceTree = "<group>";
		};
/* End PBXVariantGroup section */

/* Begin XCBuildConfiguration section */
		90E90A8A239280AA009E1DAF /* Debug */ = {
			isa = XCBuildConfiguration;
			buildSettings = {
				ALWAYS_SEARCH_USER_PATHS = NO;
				CLANG_ANALYZER_NONNULL = YES;
				CLANG_ANALYZER_NUMBER_OBJECT_CONVERSION = YES_AGGRESSIVE;
				CLANG_CXX_LANGUAGE_STANDARD = "gnu++14";
				CLANG_CXX_LIBRARY = "libc++";
				CLANG_ENABLE_MODULES = YES;
				CLANG_ENABLE_OBJC_ARC = YES;
				CLANG_ENABLE_OBJC_WEAK = YES;
				CLANG_WARN_BLOCK_CAPTURE_AUTORELEASING = YES;
				CLANG_WARN_BOOL_CONVERSION = YES;
				CLANG_WARN_COMMA = YES;
				CLANG_WARN_CONSTANT_CONVERSION = YES;
				CLANG_WARN_DEPRECATED_OBJC_IMPLEMENTATIONS = YES;
				CLANG_WARN_DIRECT_OBJC_ISA_USAGE = YES_ERROR;
				CLANG_WARN_DOCUMENTATION_COMMENTS = YES;
				CLANG_WARN_EMPTY_BODY = YES;
				CLANG_WARN_ENUM_CONVERSION = YES;
				CLANG_WARN_INFINITE_RECURSION = YES;
				CLANG_WARN_INT_CONVERSION = YES;
				CLANG_WARN_NON_LITERAL_NULL_CONVERSION = YES;
				CLANG_WARN_OBJC_IMPLICIT_RETAIN_SELF = YES;
				CLANG_WARN_OBJC_LITERAL_CONVERSION = YES;
				CLANG_WARN_OBJC_ROOT_CLASS = YES_ERROR;
				CLANG_WARN_RANGE_LOOP_ANALYSIS = YES;
				CLANG_WARN_STRICT_PROTOTYPES = YES;
				CLANG_WARN_SUSPICIOUS_MOVE = YES;
				CLANG_WARN_UNGUARDED_AVAILABILITY = YES_AGGRESSIVE;
				CLANG_WARN_UNREACHABLE_CODE = YES;
				CLANG_WARN__DUPLICATE_METHOD_MATCH = YES;
				CODE_SIGN_IDENTITY = "iPhone Developer";
				COPY_PHASE_STRIP = NO;
				DEBUG_INFORMATION_FORMAT = dwarf;
				ENABLE_STRICT_OBJC_MSGSEND = YES;
				ENABLE_TESTABILITY = YES;
				GCC_C_LANGUAGE_STANDARD = gnu11;
				GCC_DYNAMIC_NO_PIC = NO;
				GCC_NO_COMMON_BLOCKS = YES;
				GCC_OPTIMIZATION_LEVEL = 0;
				GCC_PREPROCESSOR_DEFINITIONS = (
					"DEBUG=1",
					"$(inherited)",
				);
				GCC_WARN_64_TO_32_BIT_CONVERSION = YES;
				GCC_WARN_ABOUT_RETURN_TYPE = YES_ERROR;
				GCC_WARN_UNDECLARED_SELECTOR = YES;
				GCC_WARN_UNINITIALIZED_AUTOS = YES_AGGRESSIVE;
				GCC_WARN_UNUSED_FUNCTION = YES;
				GCC_WARN_UNUSED_VARIABLE = YES;
				IPHONEOS_DEPLOYMENT_TARGET = 12.1;
				MTL_ENABLE_DEBUG_INFO = INCLUDE_SOURCE;
				MTL_FAST_MATH = YES;
				ONLY_ACTIVE_ARCH = YES;
				SDKROOT = iphoneos;
				SWIFT_ACTIVE_COMPILATION_CONDITIONS = DEBUG;
				SWIFT_OPTIMIZATION_LEVEL = "-Onone";
			};
			name = Debug;
		};
		90E90A8B239280AA009E1DAF /* Release */ = {
			isa = XCBuildConfiguration;
			buildSettings = {
				ALWAYS_SEARCH_USER_PATHS = NO;
				CLANG_ANALYZER_NONNULL = YES;
				CLANG_ANALYZER_NUMBER_OBJECT_CONVERSION = YES_AGGRESSIVE;
				CLANG_CXX_LANGUAGE_STANDARD = "gnu++14";
				CLANG_CXX_LIBRARY = "libc++";
				CLANG_ENABLE_MODULES = YES;
				CLANG_ENABLE_OBJC_ARC = YES;
				CLANG_ENABLE_OBJC_WEAK = YES;
				CLANG_WARN_BLOCK_CAPTURE_AUTORELEASING = YES;
				CLANG_WARN_BOOL_CONVERSION = YES;
				CLANG_WARN_COMMA = YES;
				CLANG_WARN_CONSTANT_CONVERSION = YES;
				CLANG_WARN_DEPRECATED_OBJC_IMPLEMENTATIONS = YES;
				CLANG_WARN_DIRECT_OBJC_ISA_USAGE = YES_ERROR;
				CLANG_WARN_DOCUMENTATION_COMMENTS = YES;
				CLANG_WARN_EMPTY_BODY = YES;
				CLANG_WARN_ENUM_CONVERSION = YES;
				CLANG_WARN_INFINITE_RECURSION = YES;
				CLANG_WARN_INT_CONVERSION = YES;
				CLANG_WARN_NON_LITERAL_NULL_CONVERSION = YES;
				CLANG_WARN_OBJC_IMPLICIT_RETAIN_SELF = YES;
				CLANG_WARN_OBJC_LITERAL_CONVERSION = YES;
				CLANG_WARN_OBJC_ROOT_CLASS = YES_ERROR;
				CLANG_WARN_RANGE_LOOP_ANALYSIS = YES;
				CLANG_WARN_STRICT_PROTOTYPES = YES;
				CLANG_WARN_SUSPICIOUS_MOVE = YES;
				CLANG_WARN_UNGUARDED_AVAILABILITY = YES_AGGRESSIVE;
				CLANG_WARN_UNREACHABLE_CODE = YES;
				CLANG_WARN__DUPLICATE_METHOD_MATCH = YES;
				CODE_SIGN_IDENTITY = "iPhone Developer";
				COPY_PHASE_STRIP = NO;
				DEBUG_INFORMATION_FORMAT = "dwarf-with-dsym";
				ENABLE_NS_ASSERTIONS = NO;
				ENABLE_STRICT_OBJC_MSGSEND = YES;
				GCC_C_LANGUAGE_STANDARD = gnu11;
				GCC_NO_COMMON_BLOCKS = YES;
				GCC_WARN_64_TO_32_BIT_CONVERSION = YES;
				GCC_WARN_ABOUT_RETURN_TYPE = YES_ERROR;
				GCC_WARN_UNDECLARED_SELECTOR = YES;
				GCC_WARN_UNINITIALIZED_AUTOS = YES_AGGRESSIVE;
				GCC_WARN_UNUSED_FUNCTION = YES;
				GCC_WARN_UNUSED_VARIABLE = YES;
				IPHONEOS_DEPLOYMENT_TARGET = 12.1;
				MTL_ENABLE_DEBUG_INFO = NO;
				MTL_FAST_MATH = YES;
				SDKROOT = iphoneos;
				SWIFT_COMPILATION_MODE = wholemodule;
				SWIFT_OPTIMIZATION_LEVEL = "-O";
				VALIDATE_PRODUCT = YES;
			};
			name = Release;
		};
		90E90A8D239280AA009E1DAF /* Debug */ = {
			isa = XCBuildConfiguration;
			buildSettings = {
				ASSETCATALOG_COMPILER_APPICON_NAME = AppIcon;
				CODE_SIGN_STYLE = Automatic;
				INFOPLIST_FILE = "Business Cards List/Info.plist";
				LD_RUNPATH_SEARCH_PATHS = (
					"$(inherited)",
					"@executable_path/Frameworks",
				);
				PRODUCT_BUNDLE_IDENTIFIER = "Noone.Business-Cards-List";
				PRODUCT_NAME = "$(TARGET_NAME)";
				SWIFT_VERSION = 4.2;
				TARGETED_DEVICE_FAMILY = "1,2";
			};
			name = Debug;
		};
		90E90A8E239280AA009E1DAF /* Release */ = {
			isa = XCBuildConfiguration;
			buildSettings = {
				ASSETCATALOG_COMPILER_APPICON_NAME = AppIcon;
				CODE_SIGN_STYLE = Automatic;
				INFOPLIST_FILE = "Business Cards List/Info.plist";
				LD_RUNPATH_SEARCH_PATHS = (
					"$(inherited)",
					"@executable_path/Frameworks",
				);
				PRODUCT_BUNDLE_IDENTIFIER = "Noone.Business-Cards-List";
				PRODUCT_NAME = "$(TARGET_NAME)";
				SWIFT_VERSION = 4.2;
				TARGETED_DEVICE_FAMILY = "1,2";
			};
			name = Release;
		};
/* End XCBuildConfiguration section */

/* Begin XCConfigurationList section */
		90E90A75239280A7009E1DAF /* Build configuration list for PBXProject "Business Cards List" */ = {
			isa = XCConfigurationList;
			buildConfigurations = (
				90E90A8A239280AA009E1DAF /* Debug */,
				90E90A8B239280AA009E1DAF /* Release */,
			);
			defaultConfigurationIsVisible = 0;
			defaultConfigurationName = Release;
		};
		90E90A8C239280AA009E1DAF /* Build configuration list for PBXNativeTarget "Business Cards List" */ = {
			isa = XCConfigurationList;
			buildConfigurations = (
				90E90A8D239280AA009E1DAF /* Debug */,
				90E90A8E239280AA009E1DAF /* Release */,
			);
			defaultConfigurationIsVisible = 0;
			defaultConfigurationName = Release;
		};
/* End XCConfigurationList section */

/* Begin XCVersionGroup section */
		52A95EFD2395604700ADC96B /* Business Cards List.xcdatamodeld */ = {
			isa = XCVersionGroup;
			children = (
				52A95EFE2395604700ADC96B /* Business Cards List.xcdatamodel */,
			);
			currentVersion = 52A95EFE2395604700ADC96B /* Business Cards List.xcdatamodel */;
			path = "Business Cards List.xcdatamodeld";
			sourceTree = "<group>";
			versionGroupType = wrapper.xcdatamodel;
		};
/* End XCVersionGroup section */
	};
	rootObject = 90E90A72239280A7009E1DAF /* Project object */;
}
